
Microsoft Visual Studio Solution File, Format Version 12.00
# Visual Studio Version 16
VisualStudioVersion = 16.0.29201.188
MinimumVisualStudioVersion = 16.0.0.0
Project("{9A19103F-16F7-4668-BE54-9A1E7A4F7556}") = "WebAppSSLManager", "WebAppSSLManager\WebAppSSLManager.csproj", "{156F39D0-8983-4E55-AABD-80FB40FCD8A2}"
EndProject
Global
	GlobalSection(SolutionConfigurationPlatforms) = preSolution
		Debug|Any CPU = Debug|Any CPU
		Release|Any CPU = Release|Any CPU
	EndGlobalSection
	GlobalSection(ProjectConfigurationPlatforms) = postSolution
		{156F39D0-8983-4E55-AABD-80FB40FCD8A2}.Debug|Any CPU.ActiveCfg = Debug|Any CPU
		{156F39D0-8983-4E55-AABD-80FB40FCD8A2}.Debug|Any CPU.Build.0 = Debug|Any CPU
		{156F39D0-8983-4E55-AABD-80FB40FCD8A2}.Release|Any CPU.ActiveCfg = Release|Any CPU
		{156F39D0-8983-4E55-AABD-80FB40FCD8A2}.Release|Any CPU.Build.0 = Release|Any CPU
	EndGlobalSection
	GlobalSection(SolutionProperties) = preSolution
		HideSolutionNode = FALSE
	EndGlobalSection
	GlobalSection(ExtensibilityGlobals) = postSolution
		SolutionGuid = {901500FB-D10B-42DF-A55A-800732F78EC9}
	EndGlobalSection
EndGlobal
